
Microsoft Visual Studio Solution File, Format Version 12.00
# Visual Studio Version 16
VisualStudioVersion = 16.0.28803.202
MinimumVisualStudioVersion = 15.0.26124.0
Project("{9A19103F-16F7-4668-BE54-9A1E7A4F7556}") = "Bowling01", "Bowling01\Bowling01.csproj", "{97022799-AD68-4D7B-A346-92BF20FC27C1}"
EndProject
Project("{9A19103F-16F7-4668-BE54-9A1E7A4F7556}") = "Bowling01Tests", "Bowling01Tests\Bowling01Tests.csproj", "{ACF5D6F2-72DC-4668-85F6-72C9F1CB15E6}"
EndProject
Global
	GlobalSection(SolutionConfigurationPlatforms) = preSolution
		Debug|Any CPU = Debug|Any CPU
		Debug|x64 = Debug|x64
		Debug|x86 = Debug|x86
		Release|Any CPU = Release|Any CPU
		Release|x64 = Release|x64
		Release|x86 = Release|x86
	EndGlobalSection
	GlobalSection(ProjectConfigurationPlatforms) = postSolution
		{97022799-AD68-4D7B-A346-92BF20FC27C1}.Debug|Any CPU.ActiveCfg = Debug|Any CPU
		{97022799-AD68-4D7B-A346-92BF20FC27C1}.Debug|Any CPU.Build.0 = Debug|Any CPU
		{97022799-AD68-4D7B-A346-92BF20FC27C1}.Debug|x64.ActiveCfg = Debug|Any CPU
		{97022799-AD68-4D7B-A346-92BF20FC27C1}.Debug|x64.Build.0 = Debug|Any CPU
		{97022799-AD68-4D7B-A346-92BF20FC27C1}.Debug|x86.ActiveCfg = Debug|Any CPU
		{97022799-AD68-4D7B-A346-92BF20FC27C1}.Debug|x86.Build.0 = Debug|Any CPU
		{97022799-AD68-4D7B-A346-92BF20FC27C1}.Release|Any CPU.ActiveCfg = Release|Any CPU
		{97022799-AD68-4D7B-A346-92BF20FC27C1}.Release|Any CPU.Build.0 = Release|Any CPU
		{97022799-AD68-4D7B-A346-92BF20FC27C1}.Release|x64.ActiveCfg = Release|Any CPU
		{97022799-AD68-4D7B-A346-92BF20FC27C1}.Release|x64.Build.0 = Release|Any CPU
		{97022799-AD68-4D7B-A346-92BF20FC27C1}.Release|x86.ActiveCfg = Release|Any CPU
		{97022799-AD68-4D7B-A346-92BF20FC27C1}.Release|x86.Build.0 = Release|Any CPU
		{ACF5D6F2-72DC-4668-85F6-72C9F1CB15E6}.Debug|Any CPU.ActiveCfg = Debug|Any CPU
		{ACF5D6F2-72DC-4668-85F6-72C9F1CB15E6}.Debug|Any CPU.Build.0 = Debug|Any CPU
		{ACF5D6F2-72DC-4668-85F6-72C9F1CB15E6}.Debug|x64.ActiveCfg = Debug|Any CPU
		{ACF5D6F2-72DC-4668-85F6-72C9F1CB15E6}.Debug|x64.Build.0 = Debug|Any CPU
		{ACF5D6F2-72DC-4668-85F6-72C9F1CB15E6}.Debug|x86.ActiveCfg = Debug|Any CPU
		{ACF5D6F2-72DC-4668-85F6-72C9F1CB15E6}.Debug|x86.Build.0 = Debug|Any CPU
		{ACF5D6F2-72DC-4668-85F6-72C9F1CB15E6}.Release|Any CPU.ActiveCfg = Release|Any CPU
		{ACF5D6F2-72DC-4668-85F6-72C9F1CB15E6}.Release|Any CPU.Build.0 = Release|Any CPU
		{ACF5D6F2-72DC-4668-85F6-72C9F1CB15E6}.Release|x64.ActiveCfg = Release|Any CPU
		{ACF5D6F2-72DC-4668-85F6-72C9F1CB15E6}.Release|x64.Build.0 = Release|Any CPU
		{ACF5D6F2-72DC-4668-85F6-72C9F1CB15E6}.Release|x86.ActiveCfg = Release|Any CPU
		{ACF5D6F2-72DC-4668-85F6-72C9F1CB15E6}.Release|x86.Build.0 = Release|Any CPU
	EndGlobalSection
	GlobalSection(SolutionProperties) = preSolution
		HideSolutionNode = FALSE
	EndGlobalSection
	GlobalSection(ExtensibilityGlobals) = postSolution
		SolutionGuid = {E423E29C-22EB-498E-8C73-84F1656BB7AA}
	EndGlobalSection
EndGlobal
